<?xml version="1.0" encoding="utf-8"?>
<Project ToolsVersion="4.0" xmlns="http://schemas.microsoft.com/developer/msbuild/2003">
  <ItemGroup>
    <Filter Include="Source Files">
      <UniqueIdentifier>{4FC737F1-C7A5-4376-A066-2A32D752A2FF}</UniqueIdentifier>
      <Extensions>cpp;cxx;c;def</Extensions>
    </Filter>
    <Filter Include="Header Files">
      <UniqueIdentifier>{93995380-89BD-4b04-88EB-625FBE52EBFB}</UniqueIdentifier>
      <Extensions>h</Extensions>
    </Filter>
    <Filter Include="Resource Files">
      <UniqueIdentifier>{D9D6E242-F8AF-46E4-B9FD-80ECBC20BA3E}</UniqueIdentifier>
      <Extensions>qrc;*</Extensions>
      <ParseFiles>false</ParseFiles>
    </Filter>
    <Filter Include="Generated Files">
      <UniqueIdentifier>{71ED8ED8-ACB9-4CE9-BBE1-E00B30144E11}</UniqueIdentifier>
      <Extensions>moc;h;cpp</Extensions>
      <SourceControlFiles>False</SourceControlFiles>
    </Filter>
    <Filter Include="Generated Files\Debug">
      <UniqueIdentifier>{bebf2161-d396-46da-9339-73a72d806caf}</UniqueIdentifier>
      <Extensions>cpp;moc</Extensions>
      <SourceControlFiles>False</SourceControlFiles>
    </Filter>
    <Filter Include="Generated Files\Release">
      <UniqueIdentifier>{ca7a934b-4572-454e-b021-678112c09159}</UniqueIdentifier>
      <Extensions>cpp;moc</Extensions>
      <SourceControlFiles>False</SourceControlFiles>
    </Filter>
    <Filter Include="Resource Files\Shaders">
      <UniqueIdentifier>{d5054f09-67d6-4288-945b-ee6d9a7b9027}</UniqueIdentifier>
    </Filter>
    <Filter Include="Generated Files\DebugTeam">
      <UniqueIdentifier>{a4a5dfaa-4961-48fc-bff9-a782db907f63}</UniqueIdentifier>
      <Extensions>cpp;moc</Extensions>
      <SourceControlFiles>False</SourceControlFiles>
    </Filter>
    <Filter Include="Generated Files\ReleaseTeam">
      <UniqueIdentifier>{6ae19c49-4d0c-4b6d-acfd-d65f5c1c31e7}</UniqueIdentifier>
      <Extensions>cpp;moc</Extensions>
      <SourceControlFiles>False</SourceControlFiles>
    </Filter>
    <Filter Include="Generated Files\Form Files">
      <UniqueIdentifier>{99349809-55BA-4b9d-BF79-8FDBB0286EB3}</UniqueIdentifier>
      <Extensions>ui</Extensions>
    </Filter>
  </ItemGroup>
  <ItemGroup>
    <ClInclude Include="GeneratedFiles\ui_MainWindow.h">
      <Filter>Generated Files</Filter>
    </ClInclude>
    <ClInclude Include="..\include\AssetManager.h">
      <Filter>Header Files</Filter>
    </ClInclude>
    <ClInclude Include="..\include\DropletGUIDefaults.h">
      <Filter>Header Files</Filter>
    </ClInclude>
    <ClInclude Include="..\include\DropletGUIStructs.h">
      <Filter>Header Files</Filter>
    </ClInclude>
    <ClInclude Include="..\include\gl_core_3_3.h">
      <Filter>Header Files</Filter>
    </ClInclude>
    <ClInclude Include="..\include\MeshManager.h">
      <Filter>Header Files</Filter>
    </ClInclude>
    <ClInclude Include="..\include\TextureManager.h">
      <Filter>Header Files</Filter>
    </ClInclude>
  </ItemGroup>
  <ItemGroup>
    <CustomBuild Include="..\include\MainWindow.ui">
      <Filter>Generated Files\Form Files</Filter>
    </CustomBuild>
    <CustomBuild Include="..\include\SimInterface.h">
      <Filter>Header Files</Filter>
    </CustomBuild>
    <CustomBuild Include="..\include\SimInfoLogger.h">
      <Filter>Header Files</Filter>
    </CustomBuild>
    <CustomBuild Include="..\include\RenderWidget.h">
      <Filter>Header Files</Filter>
    </CustomBuild>
    <CustomBuild Include="..\include\MainWindow.h">
      <Filter>Header Files</Filter>
    </CustomBuild>
  </ItemGroup>
  <ItemGroup>
    <ClCompile Include="GeneratedFiles\Debug\moc_SimInterface.cpp">
      <Filter>Generated Files\Debug</Filter>
    </ClCompile>
    <ClCompile Include="GeneratedFiles\Release\moc_SimInterface.cpp">
      <Filter>Generated Files\Release</Filter>
    </ClCompile>
    <ClCompile Include="GeneratedFiles\Debug\moc_SimInterface.cpp">
      <Filter>Generated Files\Debug</Filter>
    </ClCompile>
    <ClCompile Include="GeneratedFiles\Release\moc_SimInterface.cpp">
      <Filter>Generated Files\Release</Filter>
    </ClCompile>
    <ClCompile Include="GeneratedFiles\DebugTeam\moc_SimInterface.cpp">
      <Filter>Generated Files\DebugTeam</Filter>
    </ClCompile>
    <ClCompile Include="GeneratedFiles\ReleaseTeam\moc_SimInterface.cpp">
      <Filter>Generated Files\ReleaseTeam</Filter>
    </ClCompile>
    <ClCompile Include="GeneratedFiles\Debug\moc_RenderWidget.cpp">
      <Filter>Generated Files\Debug</Filter>
    </ClCompile>
    <ClCompile Include="GeneratedFiles\Release\moc_RenderWidget.cpp">
      <Filter>Generated Files\Release</Filter>
    </ClCompile>
    <ClCompile Include="GeneratedFiles\DebugTeam\moc_RenderWidget.cpp">
      <Filter>Generated Files\DebugTeam</Filter>
    </ClCompile>
    <ClCompile Include="GeneratedFiles\ReleaseTeam\moc_RenderWidget.cpp">
      <Filter>Generated Files\ReleaseTeam</Filter>
    </ClCompile>
    <ClCompile Include="GeneratedFiles\ReleaseTeam\moc_MainWindow.cpp">
      <Filter>Generated Files\ReleaseTeam</Filter>
    </ClCompile>
    <ClCompile Include="GeneratedFiles\Release\moc_MainWindow.cpp">
      <Filter>Generated Files\Release</Filter>
    </ClCompile>
    <ClCompile Include="GeneratedFiles\DebugTeam\moc_MainWindow.cpp">
      <Filter>Generated Files\DebugTeam</Filter>
    </ClCompile>
    <ClCompile Include="GeneratedFiles\ReleaseTeam\moc_SimInterface.cpp">
      <Filter>Generated Files\ReleaseTeam</Filter>
    </ClCompile>
    <ClCompile Include="GeneratedFiles\DebugTeam\moc_SimInterface.cpp">
      <Filter>Generated Files\DebugTeam</Filter>
    </ClCompile>
    <ClCompile Include="GeneratedFiles\Debug\moc_MainWindow.cpp">
      <Filter>Generated Files\Debug</Filter>
    </ClCompile>
    <ClCompile Include="GeneratedFiles\DebugTeam\moc_SimInfoLogger.cpp">
      <Filter>Generated Files\DebugTeam</Filter>
    </ClCompile>
    <ClCompile Include="GeneratedFiles\Debug\moc_SimInfoLogger.cpp">
      <Filter>Generated Files\Debug</Filter>
    </ClCompile>
    <ClCompile Include="GeneratedFiles\ReleaseTeam\moc_SimInfoLogger.cpp">
      <Filter>Generated Files\ReleaseTeam</Filter>
    </ClCompile>
    <ClCompile Include="GeneratedFiles\Release\moc_SimInfoLogger.cpp">
      <Filter>Generated Files\Release</Filter>
    </ClCompile>
    <ClCompile Include="..\src\AssetManager.cpp">
      <Filter>Source Files</Filter>
    </ClCompile>
    <ClCompile Include="..\src\gl_core_3_3.c">
      <Filter>Source Files</Filter>
    </ClCompile>
    <ClCompile Include="..\src\main.cpp">
      <Filter>Source Files</Filter>
    </ClCompile>
    <ClCompile Include="..\src\MainWindow.cpp">
      <Filter>Source Files</Filter>
    </ClCompile>
    <ClCompile Include="..\src\MeshManager.cpp">
      <Filter>Source Files</Filter>
    </ClCompile>
    <ClCompile Include="..\src\RenderWidget.cpp">
      <Filter>Source Files</Filter>
    </ClCompile>
    <ClCompile Include="..\src\RW_input.cpp">
      <Filter>Source Files</Filter>
    </ClCompile>
    <ClCompile Include="..\src\RW_slots.cpp">
      <Filter>Source Files</Filter>
    </ClCompile>
    <ClCompile Include="..\src\SimInfoLogger.cpp">
      <Filter>Source Files</Filter>
    </ClCompile>
    <ClCompile Include="..\src\SimInterface.cpp">
      <Filter>Source Files</Filter>
    </ClCompile>
    <ClCompile Include="..\src\TextureManager.cpp">
      <Filter>Source Files</Filter>
    </ClCompile>
  </ItemGroup>
  <ItemGroup>
    <None Include="..\assets\manifest.txt">
      <Filter>Resource Files</Filter>
    </None>
    <None Include="..\assets\Shaders\DropletCommonVertex.glsl">
      <Filter>Resource Files\Shaders</Filter>
    </None>
    <None Include="..\assets\Shaders\DropletFragment.glsl">
      <Filter>Resource Files\Shaders</Filter>
    </None>
    <None Include="..\assets\Shaders\DropletTexFragment.glsl">
      <Filter>Resource Files\Shaders</Filter>
    </None>
    <None Include="..\assets\Shaders\ProjDropletFragment.glsl">
      <Filter>Resource Files\Shaders</Filter>
    </None>
    <None Include="..\assets\Shaders\ProjectorFragment.glsl">
      <Filter>Resource Files\Shaders</Filter>
    </None>
    <None Include="..\assets\Shaders\shaders.txt">
      <Filter>Resource Files\Shaders</Filter>
    </None>
    <None Include="..\assets\Shaders\SimpleFragment.glsl">
      <Filter>Resource Files\Shaders</Filter>
    </None>
    <None Include="..\assets\Shaders\TextureFragment.glsl">
      <Filter>Resource Files\Shaders</Filter>
    </None>
    <None Include="..\assets\Shaders\CommonVertex.glsl">
      <Filter>Resource Files\Shaders</Filter>
    </None>
    <None Include="..\assets\Shaders\DebugFragment.glsl">
      <Filter>Resource Files\Shaders</Filter>
    </None>
    <None Include="..\assets\Shaders\DebugVertex.glsl">
      <Filter>Resource Files\Shaders</Filter>
    </None>
  </ItemGroup>
</Project>