
Microsoft Visual Studio Solution File, Format Version 12.00
# Visual Studio 2012
Project("{888888A0-9F3D-457C-B088-3A5042F75D52}") = "DropletMotionCalibration", "DropletMotionCalibration.pyproj", "{5FACA505-6EA1-4E3D-925B-25E2C0FF412D}"
EndProject
Global
	GlobalSection(SolutionConfigurationPlatforms) = preSolution
		Debug|Any CPU = Debug|Any CPU
		Release|Any CPU = Release|Any CPU
	EndGlobalSection
	GlobalSection(ProjectConfigurationPlatforms) = postSolution
		{5FACA505-6EA1-4E3D-925B-25E2C0FF412D}.Debug|Any CPU.ActiveCfg = Debug|Any CPU
		{5FACA505-6EA1-4E3D-925B-25E2C0FF412D}.Debug|Any CPU.Build.0 = Debug|Any CPU
		{5FACA505-6EA1-4E3D-925B-25E2C0FF412D}.Release|Any CPU.ActiveCfg = Release|Any CPU
		{5FACA505-6EA1-4E3D-925B-25E2C0FF412D}.Release|Any CPU.Build.0 = Release|Any CPU
	EndGlobalSection
	GlobalSection(SolutionProperties) = preSolution
		HideSolutionNode = FALSE
	EndGlobalSection
EndGlobal
